Microsoft Visual Studio Solution File, Format Version 12.00
# Visual Studio Version 17
VisualStudioVersion = 17.5.2.0
MinimumVisualStudioVersion = 10.0.40219.1
Project("{FAE04EC0-301F-11D3-BF4B-00C04F79EFBC}") = "ApiGlobal", "ApiGlobal.csproj", "{181A9A7E-8050-A46B-F572-8AA5931E6873}"
EndProject
Global
	GlobalSection(SolutionConfigurationPlatforms) = preSolution
		Debug|Any CPU = Debug|Any CPU
		Release|Any CPU = Release|Any CPU
	EndGlobalSection
	GlobalSection(ProjectConfigurationPlatforms) = postSolution
		{181A9A7E-8050-A46B-F572-8AA5931E6873}.Debug|Any CPU.ActiveCfg = Debug|Any CPU
		{181A9A7E-8050-A46B-F572-8AA5931E6873}.Debug|Any CPU.Build.0 = Debug|Any CPU
		{181A9A7E-8050-A46B-F572-8AA5931E6873}.Release|Any CPU.ActiveCfg = Release|Any CPU
		{181A9A7E-8050-A46B-F572-8AA5931E6873}.Release|Any CPU.Build.0 = Release|Any CPU
	EndGlobalSection
	GlobalSection(SolutionProperties) = preSolution
		HideSolutionNode = FALSE
	EndGlobalSection
	GlobalSection(ExtensibilityGlobals) = postSolution
		SolutionGuid = {B281EC0E-B698-4D21-B4B1-E28D6DBEEB10}
	EndGlobalSection
EndGlobal
